
Microsoft Visual Studio Solution File, Format Version 12.00
# Visual Studio Version 16
VisualStudioVersion = 16.0.29318.209
MinimumVisualStudioVersion = 10.0.40219.1
Project("{FAE04EC0-301F-11D3-BF4B-00C04F79EFBC}") = "BlackJackGame", "BlackJackGame\BlackJackGame.csproj", "{06A56FA5-CBF2-4099-B3C7-BB676ED472BA}"
EndProject
Project("{FAE04EC0-301F-11D3-BF4B-00C04F79EFBC}") = "BlackJackGame.tests", "BlackJackGame.tests\BlackJackGame.tests.csproj", "{92CDF25A-7D12-4C07-98B2-02443A67BF4D}"
EndProject
Global
	GlobalSection(SolutionConfigurationPlatforms) = preSolution
		Debug|Any CPU = Debug|Any CPU
		Release|Any CPU = Release|Any CPU
	EndGlobalSection
	GlobalSection(ProjectConfigurationPlatforms) = postSolution
		{06A56FA5-CBF2-4099-B3C7-BB676ED472BA}.Debug|Any CPU.ActiveCfg = Debug|Any CPU
		{06A56FA5-CBF2-4099-B3C7-BB676ED472BA}.Debug|Any CPU.Build.0 = Debug|Any CPU
		{06A56FA5-CBF2-4099-B3C7-BB676ED472BA}.Release|Any CPU.ActiveCfg = Release|Any CPU
		{06A56FA5-CBF2-4099-B3C7-BB676ED472BA}.Release|Any CPU.Build.0 = Release|Any CPU
		{92CDF25A-7D12-4C07-98B2-02443A67BF4D}.Debug|Any CPU.ActiveCfg = Debug|Any CPU
		{92CDF25A-7D12-4C07-98B2-02443A67BF4D}.Debug|Any CPU.Build.0 = Debug|Any CPU
		{92CDF25A-7D12-4C07-98B2-02443A67BF4D}.Release|Any CPU.ActiveCfg = Release|Any CPU
		{92CDF25A-7D12-4C07-98B2-02443A67BF4D}.Release|Any CPU.Build.0 = Release|Any CPU
	EndGlobalSection
	GlobalSection(SolutionProperties) = preSolution
		HideSolutionNode = FALSE
	EndGlobalSection
	GlobalSection(ExtensibilityGlobals) = postSolution
		SolutionGuid = {C0B85BF5-F5F6-4E81-B372-FDFA470343A4}
	EndGlobalSection
EndGlobal
